
Microsoft Visual Studio Solution File, Format Version 12.00
# Visual Studio Version 17
VisualStudioVersion = 17.11.35219.272
MinimumVisualStudioVersion = 10.0.40219.1
Project("{9A19103F-16F7-4668-BE54-9A1E7A4F7556}") = "BCCIAwbApi", "BCCIAwbApi\BCCIAwbApi.csproj", "{4E967F80-7AF2-4971-85A2-F7BE46B43B9C}"
EndProject
Project("{FAE04EC0-301F-11D3-BF4B-00C04F79EFBC}") = "Frontend", "Frontend\Frontend.csproj", "{70E3B331-B035-41F7-B146-434EA604C956}"
EndProject
Global
	GlobalSection(SolutionConfigurationPlatforms) = preSolution
		Debug|Any CPU = Debug|Any CPU
		Release|Any CPU = Release|Any CPU
	EndGlobalSection
	GlobalSection(ProjectConfigurationPlatforms) = postSolution
		{4E967F80-7AF2-4971-85A2-F7BE46B43B9C}.Debug|Any CPU.ActiveCfg = Debug|Any CPU
		{4E967F80-7AF2-4971-85A2-F7BE46B43B9C}.Debug|Any CPU.Build.0 = Debug|Any CPU
		{4E967F80-7AF2-4971-85A2-F7BE46B43B9C}.Release|Any CPU.ActiveCfg = Release|Any CPU
		{4E967F80-7AF2-4971-85A2-F7BE46B43B9C}.Release|Any CPU.Build.0 = Release|Any CPU
		{70E3B331-B035-41F7-B146-434EA604C956}.Debug|Any CPU.ActiveCfg = Debug|Any CPU
		{70E3B331-B035-41F7-B146-434EA604C956}.Debug|Any CPU.Build.0 = Debug|Any CPU
		{70E3B331-B035-41F7-B146-434EA604C956}.Release|Any CPU.ActiveCfg = Release|Any CPU
		{70E3B331-B035-41F7-B146-434EA604C956}.Release|Any CPU.Build.0 = Release|Any CPU
	EndGlobalSection
	GlobalSection(SolutionProperties) = preSolution
		HideSolutionNode = FALSE
	EndGlobalSection
	GlobalSection(ExtensibilityGlobals) = postSolution
		SolutionGuid = {FEEAF6A9-5D87-4115-B644-BA771DFEC762}
	EndGlobalSection
EndGlobal
